<Solution>
  <Folder Name="/src/">
    <Project Path="src/Ccw.Core/Ccw.Core.csproj" />
    <Project Path="src/Ccw.Steps/Ccw.Steps.csproj" />
    <Project Path="src/Ccw.Templates/Ccw.Templates.csproj" />
    <Project Path="src/Ccw.Bootstrap/Ccw.Bootstrap.csproj" />
    <Project Path="src/Ccw.Cli/Ccw.Cli.csproj" />
    <Project Path="src/Ccw.UI/Ccw.UI.csproj" />
  </Folder>
  <Folder Name="/tests/">
    <Project Path="tests/Ccw.Core.Tests/Ccw.Core.Tests.csproj" />
    <Project Path="tests/Ccw.Steps.Tests/Ccw.Steps.Tests.csproj" />
    <Project Path="tests/Ccw.Cli.Tests/Ccw.Cli.Tests.csproj" />
    <Project Path="tests/Ccw.Templates.Tests/Ccw.Templates.Tests.csproj" />
    <Project Path="tests/Ccw.Parity.Tests/Ccw.Parity.Tests.csproj" />
    <Project Path="tests/Ccw.Bootstrap.Tests/Ccw.Bootstrap.Tests.csproj" />
  </Folder>
</Solution>

